// !$*UTF8*$!
{
	archiveVersion = 1;
	classes = {
	};
	objectVersion = 56;
	objects = {

/* Begin PBXBuildFile section */
		150A98BF294A564E0048D0F6 /* SwiftImguiApp.swift in Sources */ = {isa = PBXBuildFile; fileRef = 150A98BE294A564E0048D0F6 /* SwiftImguiApp.swift */; };
		150A98C1294A564E0048D0F6 /* ContentView.swift in Sources */ = {isa = PBXBuildFile; fileRef = 150A98C0294A564E0048D0F6 /* ContentView.swift */; };
		150A98C3294A564F0048D0F6 /* Assets.xcassets in Resources */ = {isa = PBXBuildFile; fileRef = 150A98C2294A564F0048D0F6 /* Assets.xcassets */; };
		150A98C7294A564F0048D0F6 /* Preview Assets.xcassets in Resources */ = {isa = PBXBuildFile; fileRef = 150A98C6294A564F0048D0F6 /* Preview Assets.xcassets */; };
		150A98CE294A56630048D0F6 /* MetalView.swift in Sources */ = {isa = PBXBuildFile; fileRef = 150A98CD294A56630048D0F6 /* MetalView.swift */; };
		150A98D1294A569E0048D0F6 /* Inject in Frameworks */ = {isa = PBXBuildFile; productRef = 150A98D0294A569E0048D0F6 /* Inject */; };
		150A98D3294A56DE0048D0F6 /* ViewRenderer.swift in Sources */ = {isa = PBXBuildFile; fileRef = 150A98D2294A56DE0048D0F6 /* ViewRenderer.swift */; };
		150A98D5294A56EF0048D0F6 /* Renderer.swift in Sources */ = {isa = PBXBuildFile; fileRef = 150A98D4294A56EF0048D0F6 /* Renderer.swift */; };
		150A98DA294A57C90048D0F6 /* VertexDescriptor.swift in Sources */ = {isa = PBXBuildFile; fileRef = 150A98D9294A57C90048D0F6 /* VertexDescriptor.swift */; };
		150A98DC294A57E60048D0F6 /* MathLibrary.swift in Sources */ = {isa = PBXBuildFile; fileRef = 150A98DB294A57E60048D0F6 /* MathLibrary.swift */; };
		150A98DE294A59880048D0F6 /* Mesh.swift in Sources */ = {isa = PBXBuildFile; fileRef = 150A98DD294A59880048D0F6 /* Mesh.swift */; };
		150A98E0294A5D350048D0F6 /* RectMesh.swift in Sources */ = {isa = PBXBuildFile; fileRef = 150A98DF294A5D350048D0F6 /* RectMesh.swift */; };
		150A98E2294A5E130048D0F6 /* DemoViewRenderer.swift in Sources */ = {isa = PBXBuildFile; fileRef = 150A98E1294A5E130048D0F6 /* DemoViewRenderer.swift */; };
		150A98E4294A618E0048D0F6 /* Rect.metal in Sources */ = {isa = PBXBuildFile; fileRef = 150A98E3294A618E0048D0F6 /* Rect.metal */; };
		152F437C299776340040F5CB /* Line.swift in Sources */ = {isa = PBXBuildFile; fileRef = 152F437B299776340040F5CB /* Line.swift */; };
		152F437E299781770040F5CB /* Line.metal in Sources */ = {isa = PBXBuildFile; fileRef = 152F437D299781770040F5CB /* Line.metal */; };
		152F43802997C3DF0040F5CB /* Circle.swift in Sources */ = {isa = PBXBuildFile; fileRef = 152F437F2997C3DF0040F5CB /* Circle.swift */; };
		152F43822997C8260040F5CB /* Circle.metal in Sources */ = {isa = PBXBuildFile; fileRef = 152F43812997C8260040F5CB /* Circle.metal */; };
		152F4385299938EA0040F5CB /* SDBoxIntersectionDemoView.swift in Sources */ = {isa = PBXBuildFile; fileRef = 152F4384299938EA0040F5CB /* SDBoxIntersectionDemoView.swift */; };
		152F438729993C250040F5CB /* TextFieldDemoView.swift in Sources */ = {isa = PBXBuildFile; fileRef = 152F438629993C250040F5CB /* TextFieldDemoView.swift */; };
		152F438929993D960040F5CB /* ButtonDemoView.swift in Sources */ = {isa = PBXBuildFile; fileRef = 152F438829993D960040F5CB /* ButtonDemoView.swift */; };
		152F438B299952A50040F5CB /* ScrollDemoView.swift in Sources */ = {isa = PBXBuildFile; fileRef = 152F438A299952A50040F5CB /* ScrollDemoView.swift */; };
		152F438D299955130040F5CB /* TextDemoView.swift in Sources */ = {isa = PBXBuildFile; fileRef = 152F438C299955130040F5CB /* TextDemoView.swift */; };
		152F438F299955D10040F5CB /* ImageDemoView.swift in Sources */ = {isa = PBXBuildFile; fileRef = 152F438E299955D10040F5CB /* ImageDemoView.swift */; };
		152F4391299966650040F5CB /* Int.swift in Sources */ = {isa = PBXBuildFile; fileRef = 152F4390299966650040F5CB /* Int.swift */; };
		152F439329996F120040F5CB /* Float.swift in Sources */ = {isa = PBXBuildFile; fileRef = 152F439229996F120040F5CB /* Float.swift */; };
		154A86C22AFA9E83008C6520 /* SimulationDemoView.swift in Sources */ = {isa = PBXBuildFile; fileRef = 154A86C12AFA9E83008C6520 /* SimulationDemoView.swift */; };
		155F9C07294E518E001AF624 /* Main.swift in Sources */ = {isa = PBXBuildFile; fileRef = 155F9C06294E518E001AF624 /* Main.swift */; };
		155F9C09294E56B1001AF624 /* Transform.swift in Sources */ = {isa = PBXBuildFile; fileRef = 155F9C08294E56B1001AF624 /* Transform.swift */; };
		156D04E2298FD137006D81C6 /* SDFRoundBox.metal in Sources */ = {isa = PBXBuildFile; fileRef = 156D04E1298FD137006D81C6 /* SDFRoundBox.metal */; };
		156D04E5298FFF50006D81C6 /* Blur.metal in Sources */ = {isa = PBXBuildFile; fileRef = 156D04E4298FFF50006D81C6 /* Blur.metal */; };
		156D04E829900BA6006D81C6 /* BlurPass.swift in Sources */ = {isa = PBXBuildFile; fileRef = 156D04E729900BA5006D81C6 /* BlurPass.swift */; };
		156D04EB2991812D006D81C6 /* CopyPass.swift in Sources */ = {isa = PBXBuildFile; fileRef = 156D04EA2991812D006D81C6 /* CopyPass.swift */; };
		156D04ED29918586006D81C6 /* Copy.metal in Sources */ = {isa = PBXBuildFile; fileRef = 156D04EC29918586006D81C6 /* Copy.metal */; };
		156D04EF299277D4006D81C6 /* Button.swift in Sources */ = {isa = PBXBuildFile; fileRef = 156D04EE299277D4006D81C6 /* Button.swift */; };
		156D04F129928A77006D81C6 /* TextField.swift in Sources */ = {isa = PBXBuildFile; fileRef = 156D04F029928A77006D81C6 /* TextField.swift */; };
		157C5C93295F5DE400D7D43C /* math.metal in Sources */ = {isa = PBXBuildFile; fileRef = 157C5C92295F5DE400D7D43C /* math.metal */; };
		157C5C9A2960CB6E00D7D43C /* Image.metal in Sources */ = {isa = PBXBuildFile; fileRef = 157C5C982960B2F700D7D43C /* Image.metal */; };
		157C5C9C2960CDA400D7D43C /* TextureController.swift in Sources */ = {isa = PBXBuildFile; fileRef = 157C5C9B2960CDA400D7D43C /* TextureController.swift */; };
		157C5CA429617D3C00D7D43C /* image1.jpeg in Resources */ = {isa = PBXBuildFile; fileRef = 157C5C9E2960CE6700D7D43C /* image1.jpeg */; };
		157C5CA529617D3C00D7D43C /* image4.jpeg in Resources */ = {isa = PBXBuildFile; fileRef = 157C5CA329617D0F00D7D43C /* image4.jpeg */; };
		157C5CA629617D3C00D7D43C /* image3.jpeg in Resources */ = {isa = PBXBuildFile; fileRef = 157C5CA229617D0F00D7D43C /* image3.jpeg */; };
		157C5CA729617D3C00D7D43C /* image2.jpeg in Resources */ = {isa = PBXBuildFile; fileRef = 157C5C9F2960CE6700D7D43C /* image2.jpeg */; };
		157C5CA92963022700D7D43C /* Font.swift in Sources */ = {isa = PBXBuildFile; fileRef = 157C5CA82963022700D7D43C /* Font.swift */; };
		157C5CAB29649E7100D7D43C /* TextMesh.swift in Sources */ = {isa = PBXBuildFile; fileRef = 157C5CAA29649E7100D7D43C /* TextMesh.swift */; };
		157C5CAD2964DA7600D7D43C /* Text.metal in Sources */ = {isa = PBXBuildFile; fileRef = 157C5CAC2964DA7600D7D43C /* Text.metal */; };
		1594350429787B0B00B2F04C /* FontManager.swift in Sources */ = {isa = PBXBuildFile; fileRef = 1594350329787B0B00B2F04C /* FontManager.swift */; };
		15C9511429A50A8500FD9817 /* Checkbox.swift in Sources */ = {isa = PBXBuildFile; fileRef = 15C9511329A50A8500FD9817 /* Checkbox.swift */; };
		15C9511629A50E2200FD9817 /* CheckboxDemoView.swift in Sources */ = {isa = PBXBuildFile; fileRef = 15C9511529A50E2200FD9817 /* CheckboxDemoView.swift */; };
		15CD0A34299E3D7200F7DD75 /* PointBoxIntersectionDemoView.swift in Sources */ = {isa = PBXBuildFile; fileRef = 15CD0A33299E3D7200F7DD75 /* PointBoxIntersectionDemoView.swift */; };
		15CD0A36299FB9C600F7DD75 /* FloatField.swift in Sources */ = {isa = PBXBuildFile; fileRef = 15CD0A35299FB9C600F7DD75 /* FloatField.swift */; };
		15CD0A3A29A0024E00F7DD75 /* Theme.swift in Sources */ = {isa = PBXBuildFile; fileRef = 15CD0A3929A0024E00F7DD75 /* Theme.swift */; };
		15D0916A297AE52E0009F3EB /* String.swift in Sources */ = {isa = PBXBuildFile; fileRef = 15D09169297AE52E0009F3EB /* String.swift */; };
		15D0916C298279350009F3EB /* Text.swift in Sources */ = {isa = PBXBuildFile; fileRef = 15D0916B298279340009F3EB /* Text.swift */; };
		15D0916F298287300009F3EB /* Image.swift in Sources */ = {isa = PBXBuildFile; fileRef = 15D0916E298287300009F3EB /* Image.swift */; };
		15D0917129828AB00009F3EB /* Rect.swift in Sources */ = {isa = PBXBuildFile; fileRef = 15D0917029828AB00009F3EB /* Rect.swift */; };
		15D09173298298540009F3EB /* Input.swift in Sources */ = {isa = PBXBuildFile; fileRef = 15D09172298298540009F3EB /* Input.swift */; };
		15D091762982A7410009F3EB /* Comparable.swift in Sources */ = {isa = PBXBuildFile; fileRef = 15D091752982A7410009F3EB /* Comparable.swift */; };
		15D0917B2983F82D0009F3EB /* Layout.swift in Sources */ = {isa = PBXBuildFile; fileRef = 15D0917A2983F82D0009F3EB /* Layout.swift */; };
		15D0917E298685600009F3EB /* Inset.swift in Sources */ = {isa = PBXBuildFile; fileRef = 15D0917D298685600009F3EB /* Inset.swift */; };
		15D091802987A8BF0009F3EB /* Align.swift in Sources */ = {isa = PBXBuildFile; fileRef = 15D0917F2987A8BF0009F3EB /* Align.swift */; };
		15D091822987A8EC0009F3EB /* Stack.swift in Sources */ = {isa = PBXBuildFile; fileRef = 15D091812987A8EC0009F3EB /* Stack.swift */; };
		15D091842987A9140009F3EB /* Padding.swift in Sources */ = {isa = PBXBuildFile; fileRef = 15D091832987A9140009F3EB /* Padding.swift */; };
		15D09188298803E20009F3EB /* ClipRect.metal in Sources */ = {isa = PBXBuildFile; fileRef = 15D09187298803E20009F3EB /* ClipRect.metal */; };
		15D0918A29885AD90009F3EB /* Scroll.swift in Sources */ = {isa = PBXBuildFile; fileRef = 15D0918929885AD90009F3EB /* Scroll.swift */; };
		15D09FB82B72A88900DD636B /* UIApp.swift in Sources */ = {isa = PBXBuildFile; fileRef = 15D09FB72B72A88900DD636B /* UIApp.swift */; };
		15D677DC29A116A200E81753 /* IntField.swift in Sources */ = {isa = PBXBuildFile; fileRef = 15D677DB29A116A200E81753 /* IntField.swift */; };
		15D677DE29A11E5300E81753 /* UInt8Field.swift in Sources */ = {isa = PBXBuildFile; fileRef = 15D677DD29A11E5300E81753 /* UInt8Field.swift */; };
		15D677E029A1207100E81753 /* CommandController.swift in Sources */ = {isa = PBXBuildFile; fileRef = 15D677DF29A1207100E81753 /* CommandController.swift */; };
		15E7E268296CA0820084DF62 /* VectorText.metal in Sources */ = {isa = PBXBuildFile; fileRef = 15E7E267296CA0820084DF62 /* VectorText.metal */; };
		15E7E26A296CA2CF0084DF62 /* SDF.metal in Sources */ = {isa = PBXBuildFile; fileRef = 15E7E269296CA2CF0084DF62 /* SDF.metal */; };
		15E7E26D296CA5400084DF62 /* BezierCurves.metal in Sources */ = {isa = PBXBuildFile; fileRef = 15E7E26C296CA5400084DF62 /* BezierCurves.metal */; };
		15EC175A29670ABD00FDD410 /* LRUCache in Frameworks */ = {isa = PBXBuildFile; productRef = 15EC175929670ABD00FDD410 /* LRUCache */; };
		15EC175C2969710D00FDD410 /* Benchmark.swift in Sources */ = {isa = PBXBuildFile; fileRef = 15EC175B2969710D00FDD410 /* Benchmark.swift */; };
		15F4ABD22B77D57C0083D053 /* UIElement.swift in Sources */ = {isa = PBXBuildFile; fileRef = 15F4ABD12B77D57C0083D053 /* UIElement.swift */; };
		15F4ABD42B78FE0A0083D053 /* UIElementsDemoView.swift in Sources */ = {isa = PBXBuildFile; fileRef = 15F4ABD32B78FE0A0083D053 /* UIElementsDemoView.swift */; };
/* End PBXBuildFile section */

/* Begin PBXFileReference section */
		150A98BB294A564E0048D0F6 /* SwiftImgui.app */ = {isa = PBXFileReference; explicitFileType = wrapper.application; includeInIndex = 0; path = SwiftImgui.app; sourceTree = BUILT_PRODUCTS_DIR; };
		150A98BE294A564E0048D0F6 /* SwiftImguiApp.swift */ = {isa = PBXFileReference; lastKnownFileType = sourcecode.swift; path = SwiftImguiApp.swift; sourceTree = "<group>"; };
		150A98C0294A564E0048D0F6 /* ContentView.swift */ = {isa = PBXFileReference; lastKnownFileType = sourcecode.swift; path = ContentView.swift; sourceTree = "<group>"; };
		150A98C2294A564F0048D0F6 /* Assets.xcassets */ = {isa = PBXFileReference; lastKnownFileType = folder.assetcatalog; path = Assets.xcassets; sourceTree = "<group>"; };
		150A98C4294A564F0048D0F6 /* SwiftImgui.entitlements */ = {isa = PBXFileReference; lastKnownFileType = text.plist.entitlements; path = SwiftImgui.entitlements; sourceTree = "<group>"; };
		150A98C6294A564F0048D0F6 /* Preview Assets.xcassets */ = {isa = PBXFileReference; lastKnownFileType = folder.assetcatalog; path = "Preview Assets.xcassets"; sourceTree = "<group>"; };
		150A98CD294A56630048D0F6 /* MetalView.swift */ = {isa = PBXFileReference; fileEncoding = 4; lastKnownFileType = sourcecode.swift; path = MetalView.swift; sourceTree = "<group>"; };
		150A98D2294A56DE0048D0F6 /* ViewRenderer.swift */ = {isa = PBXFileReference; fileEncoding = 4; lastKnownFileType = sourcecode.swift; path = ViewRenderer.swift; sourceTree = "<group>"; };
		150A98D4294A56EF0048D0F6 /* Renderer.swift */ = {isa = PBXFileReference; fileEncoding = 4; lastKnownFileType = sourcecode.swift; path = Renderer.swift; sourceTree = "<group>"; };
		150A98D6294A57130048D0F6 /* Vertex.h */ = {isa = PBXFileReference; lastKnownFileType = sourcecode.c.h; path = Vertex.h; sourceTree = "<group>"; };
		150A98D7294A571D0048D0F6 /* Common.h */ = {isa = PBXFileReference; lastKnownFileType = sourcecode.c.h; path = Common.h; sourceTree = "<group>"; };
		150A98D8294A57260048D0F6 /* stdbool.h */ = {isa = PBXFileReference; lastKnownFileType = sourcecode.c.h; path = stdbool.h; sourceTree = "<group>"; };
		150A98D9294A57C90048D0F6 /* VertexDescriptor.swift */ = {isa = PBXFileReference; fileEncoding = 4; lastKnownFileType = sourcecode.swift; path = VertexDescriptor.swift; sourceTree = "<group>"; };
		150A98DB294A57E60048D0F6 /* MathLibrary.swift */ = {isa = PBXFileReference; fileEncoding = 4; lastKnownFileType = sourcecode.swift; path = MathLibrary.swift; sourceTree = "<group>"; };
		150A98DD294A59880048D0F6 /* Mesh.swift */ = {isa = PBXFileReference; lastKnownFileType = sourcecode.swift; path = Mesh.swift; sourceTree = "<group>"; };
		150A98DF294A5D350048D0F6 /* RectMesh.swift */ = {isa = PBXFileReference; lastKnownFileType = sourcecode.swift; path = RectMesh.swift; sourceTree = "<group>"; };
		150A98E1294A5E130048D0F6 /* DemoViewRenderer.swift */ = {isa = PBXFileReference; lastKnownFileType = sourcecode.swift; path = DemoViewRenderer.swift; sourceTree = "<group>"; };
		150A98E3294A618E0048D0F6 /* Rect.metal */ = {isa = PBXFileReference; lastKnownFileType = sourcecode.metal; path = Rect.metal; sourceTree = "<group>"; };
		152F437B299776340040F5CB /* Line.swift */ = {isa = PBXFileReference; lastKnownFileType = sourcecode.swift; path = Line.swift; sourceTree = "<group>"; };
		152F437D299781770040F5CB /* Line.metal */ = {isa = PBXFileReference; lastKnownFileType = sourcecode.metal; path = Line.metal; sourceTree = "<group>"; };
		152F437F2997C3DF0040F5CB /* Circle.swift */ = {isa = PBXFileReference; lastKnownFileType = sourcecode.swift; path = Circle.swift; sourceTree = "<group>"; };
		152F43812997C8260040F5CB /* Circle.metal */ = {isa = PBXFileReference; lastKnownFileType = sourcecode.metal; path = Circle.metal; sourceTree = "<group>"; };
		152F4384299938EA0040F5CB /* SDBoxIntersectionDemoView.swift */ = {isa = PBXFileReference; lastKnownFileType = sourcecode.swift; path = SDBoxIntersectionDemoView.swift; sourceTree = "<group>"; };
		152F438629993C250040F5CB /* TextFieldDemoView.swift */ = {isa = PBXFileReference; lastKnownFileType = sourcecode.swift; path = TextFieldDemoView.swift; sourceTree = "<group>"; };
		152F438829993D960040F5CB /* ButtonDemoView.swift */ = {isa = PBXFileReference; lastKnownFileType = sourcecode.swift; path = ButtonDemoView.swift; sourceTree = "<group>"; };
		152F438A299952A50040F5CB /* ScrollDemoView.swift */ = {isa = PBXFileReference; lastKnownFileType = sourcecode.swift; path = ScrollDemoView.swift; sourceTree = "<group>"; };
		152F438C299955130040F5CB /* TextDemoView.swift */ = {isa = PBXFileReference; lastKnownFileType = sourcecode.swift; path = TextDemoView.swift; sourceTree = "<group>"; };
		152F438E299955D10040F5CB /* ImageDemoView.swift */ = {isa = PBXFileReference; lastKnownFileType = sourcecode.swift; path = ImageDemoView.swift; sourceTree = "<group>"; };
		152F4390299966650040F5CB /* Int.swift */ = {isa = PBXFileReference; lastKnownFileType = sourcecode.swift; path = Int.swift; sourceTree = "<group>"; };
		152F439229996F120040F5CB /* Float.swift */ = {isa = PBXFileReference; lastKnownFileType = sourcecode.swift; path = Float.swift; sourceTree = "<group>"; };
		154A86C12AFA9E83008C6520 /* SimulationDemoView.swift */ = {isa = PBXFileReference; lastKnownFileType = sourcecode.swift; path = SimulationDemoView.swift; sourceTree = "<group>"; };
		155F9C06294E518E001AF624 /* Main.swift */ = {isa = PBXFileReference; lastKnownFileType = sourcecode.swift; path = Main.swift; sourceTree = "<group>"; };
		155F9C08294E56B1001AF624 /* Transform.swift */ = {isa = PBXFileReference; fileEncoding = 4; lastKnownFileType = sourcecode.swift; path = Transform.swift; sourceTree = "<group>"; };
		156D04E1298FD137006D81C6 /* SDFRoundBox.metal */ = {isa = PBXFileReference; lastKnownFileType = sourcecode.metal; path = SDFRoundBox.metal; sourceTree = "<group>"; };
		156D04E3298FD153006D81C6 /* SDFRoundBox.h */ = {isa = PBXFileReference; lastKnownFileType = sourcecode.c.h; path = SDFRoundBox.h; sourceTree = "<group>"; };
		156D04E4298FFF50006D81C6 /* Blur.metal */ = {isa = PBXFileReference; lastKnownFileType = sourcecode.metal; path = Blur.metal; sourceTree = "<group>"; };
		156D04E62990059E006D81C6 /* RectVertexData.h */ = {isa = PBXFileReference; lastKnownFileType = sourcecode.c.h; path = RectVertexData.h; sourceTree = "<group>"; };
		156D04E729900BA5006D81C6 /* BlurPass.swift */ = {isa = PBXFileReference; lastKnownFileType = sourcecode.swift; path = BlurPass.swift; sourceTree = "<group>"; };
		156D04EA2991812D006D81C6 /* CopyPass.swift */ = {isa = PBXFileReference; lastKnownFileType = sourcecode.swift; path = CopyPass.swift; sourceTree = "<group>"; };
		156D04EC29918586006D81C6 /* Copy.metal */ = {isa = PBXFileReference; lastKnownFileType = sourcecode.metal; path = Copy.metal; sourceTree = "<group>"; };
		156D04EE299277D4006D81C6 /* Button.swift */ = {isa = PBXFileReference; lastKnownFileType = sourcecode.swift; path = Button.swift; sourceTree = "<group>"; };
		156D04F029928A77006D81C6 /* TextField.swift */ = {isa = PBXFileReference; lastKnownFileType = sourcecode.swift; path = TextField.swift; sourceTree = "<group>"; };
		157C5C92295F5DE400D7D43C /* math.metal */ = {isa = PBXFileReference; lastKnownFileType = sourcecode.metal; path = math.metal; sourceTree = "<group>"; };
		157C5C94295F601600D7D43C /* math.h */ = {isa = PBXFileReference; lastKnownFileType = sourcecode.c.h; path = math.h; sourceTree = "<group>"; };
		157C5C982960B2F700D7D43C /* Image.metal */ = {isa = PBXFileReference; lastKnownFileType = sourcecode.metal; path = Image.metal; sourceTree = "<group>"; };
		157C5C9B2960CDA400D7D43C /* TextureController.swift */ = {isa = PBXFileReference; fileEncoding = 4; lastKnownFileType = sourcecode.swift; path = TextureController.swift; sourceTree = "<group>"; };
		157C5C9E2960CE6700D7D43C /* image1.jpeg */ = {isa = PBXFileReference; lastKnownFileType = image.jpeg; path = image1.jpeg; sourceTree = "<group>"; };
		157C5C9F2960CE6700D7D43C /* image2.jpeg */ = {isa = PBXFileReference; lastKnownFileType = image.jpeg; path = image2.jpeg; sourceTree = "<group>"; };
		157C5CA229617D0F00D7D43C /* image3.jpeg */ = {isa = PBXFileReference; lastKnownFileType = image.jpeg; path = image3.jpeg; sourceTree = "<group>"; };
		157C5CA329617D0F00D7D43C /* image4.jpeg */ = {isa = PBXFileReference; lastKnownFileType = image.jpeg; path = image4.jpeg; sourceTree = "<group>"; };
		157C5CA82963022700D7D43C /* Font.swift */ = {isa = PBXFileReference; lastKnownFileType = sourcecode.swift; path = Font.swift; sourceTree = "<group>"; };
		157C5CAA29649E7100D7D43C /* TextMesh.swift */ = {isa = PBXFileReference; lastKnownFileType = sourcecode.swift; path = TextMesh.swift; sourceTree = "<group>"; };
		157C5CAC2964DA7600D7D43C /* Text.metal */ = {isa = PBXFileReference; lastKnownFileType = sourcecode.metal; path = Text.metal; sourceTree = "<group>"; };
		1594350329787B0B00B2F04C /* FontManager.swift */ = {isa = PBXFileReference; lastKnownFileType = sourcecode.swift; path = FontManager.swift; sourceTree = "<group>"; };
		15C9511329A50A8500FD9817 /* Checkbox.swift */ = {isa = PBXFileReference; lastKnownFileType = sourcecode.swift; path = Checkbox.swift; sourceTree = "<group>"; };
		15C9511529A50E2200FD9817 /* CheckboxDemoView.swift */ = {isa = PBXFileReference; lastKnownFileType = sourcecode.swift; path = CheckboxDemoView.swift; sourceTree = "<group>"; };
		15CD0A33299E3D7200F7DD75 /* PointBoxIntersectionDemoView.swift */ = {isa = PBXFileReference; lastKnownFileType = sourcecode.swift; path = PointBoxIntersectionDemoView.swift; sourceTree = "<group>"; };
		15CD0A35299FB9C600F7DD75 /* FloatField.swift */ = {isa = PBXFileReference; lastKnownFileType = sourcecode.swift; path = FloatField.swift; sourceTree = "<group>"; };
		15CD0A3929A0024E00F7DD75 /* Theme.swift */ = {isa = PBXFileReference; lastKnownFileType = sourcecode.swift; path = Theme.swift; sourceTree = "<group>"; };
		15D09169297AE52E0009F3EB /* String.swift */ = {isa = PBXFileReference; lastKnownFileType = sourcecode.swift; path = String.swift; sourceTree = "<group>"; };
		15D0916B298279340009F3EB /* Text.swift */ = {isa = PBXFileReference; lastKnownFileType = sourcecode.swift; path = Text.swift; sourceTree = "<group>"; };
		15D0916E298287300009F3EB /* Image.swift */ = {isa = PBXFileReference; lastKnownFileType = sourcecode.swift; path = Image.swift; sourceTree = "<group>"; };
		15D0917029828AB00009F3EB /* Rect.swift */ = {isa = PBXFileReference; lastKnownFileType = sourcecode.swift; path = Rect.swift; sourceTree = "<group>"; };
		15D09172298298540009F3EB /* Input.swift */ = {isa = PBXFileReference; lastKnownFileType = sourcecode.swift; path = Input.swift; sourceTree = "<group>"; };
		15D091752982A7410009F3EB /* Comparable.swift */ = {isa = PBXFileReference; lastKnownFileType = sourcecode.swift; path = Comparable.swift; sourceTree = "<group>"; };
		15D0917A2983F82D0009F3EB /* Layout.swift */ = {isa = PBXFileReference; lastKnownFileType = sourcecode.swift; path = Layout.swift; sourceTree = "<group>"; };
		15D0917D298685600009F3EB /* Inset.swift */ = {isa = PBXFileReference; lastKnownFileType = sourcecode.swift; path = Inset.swift; sourceTree = "<group>"; };
		15D0917F2987A8BF0009F3EB /* Align.swift */ = {isa = PBXFileReference; lastKnownFileType = sourcecode.swift; path = Align.swift; sourceTree = "<group>"; };
		15D091812987A8EC0009F3EB /* Stack.swift */ = {isa = PBXFileReference; lastKnownFileType = sourcecode.swift; path = Stack.swift; sourceTree = "<group>"; };
		15D091832987A9140009F3EB /* Padding.swift */ = {isa = PBXFileReference; lastKnownFileType = sourcecode.swift; path = Padding.swift; sourceTree = "<group>"; };
		15D09187298803E20009F3EB /* ClipRect.metal */ = {isa = PBXFileReference; lastKnownFileType = sourcecode.metal; path = ClipRect.metal; sourceTree = "<group>"; };
		15D0918929885AD90009F3EB /* Scroll.swift */ = {isa = PBXFileReference; lastKnownFileType = sourcecode.swift; path = Scroll.swift; sourceTree = "<group>"; };
		15D09FB72B72A88900DD636B /* UIApp.swift */ = {isa = PBXFileReference; lastKnownFileType = sourcecode.swift; path = UIApp.swift; sourceTree = "<group>"; };
		15D677DB29A116A200E81753 /* IntField.swift */ = {isa = PBXFileReference; lastKnownFileType = sourcecode.swift; path = IntField.swift; sourceTree = "<group>"; };
		15D677DD29A11E5300E81753 /* UInt8Field.swift */ = {isa = PBXFileReference; lastKnownFileType = sourcecode.swift; path = UInt8Field.swift; sourceTree = "<group>"; };
		15D677DF29A1207100E81753 /* CommandController.swift */ = {isa = PBXFileReference; lastKnownFileType = sourcecode.swift; path = CommandController.swift; sourceTree = "<group>"; };
		15E7E267296CA0820084DF62 /* VectorText.metal */ = {isa = PBXFileReference; lastKnownFileType = sourcecode.metal; path = VectorText.metal; sourceTree = "<group>"; };
		15E7E269296CA2CF0084DF62 /* SDF.metal */ = {isa = PBXFileReference; lastKnownFileType = sourcecode.metal; path = SDF.metal; sourceTree = "<group>"; };
		15E7E26B296CA2DF0084DF62 /* SDF.h */ = {isa = PBXFileReference; lastKnownFileType = sourcecode.c.h; path = SDF.h; sourceTree = "<group>"; };
		15E7E26C296CA5400084DF62 /* BezierCurves.metal */ = {isa = PBXFileReference; lastKnownFileType = sourcecode.metal; path = BezierCurves.metal; sourceTree = "<group>"; };
		15E7E26E296CA5520084DF62 /* BezierCurves.h */ = {isa = PBXFileReference; lastKnownFileType = sourcecode.c.h; path = BezierCurves.h; sourceTree = "<group>"; };
		15EC175B2969710D00FDD410 /* Benchmark.swift */ = {isa = PBXFileReference; fileEncoding = 4; lastKnownFileType = sourcecode.swift; path = Benchmark.swift; sourceTree = "<group>"; };
		15F4ABD12B77D57C0083D053 /* UIElement.swift */ = {isa = PBXFileReference; lastKnownFileType = sourcecode.swift; path = UIElement.swift; sourceTree = "<group>"; };
		15F4ABD32B78FE0A0083D053 /* UIElementsDemoView.swift */ = {isa = PBXFileReference; lastKnownFileType = sourcecode.swift; path = UIElementsDemoView.swift; sourceTree = "<group>"; };
/* End PBXFileReference section */

/* Begin PBXFrameworksBuildPhase section */
		150A98B8294A564E0048D0F6 /* Frameworks */ = {
			isa = PBXFrameworksBuildPhase;
			buildActionMask = 2147483647;
			files = (
				150A98D1294A569E0048D0F6 /* Inject in Frameworks */,
				15EC175A29670ABD00FDD410 /* LRUCache in Frameworks */,
			);
			runOnlyForDeploymentPostprocessing = 0;
		};
/* End PBXFrameworksBuildPhase section */

/* Begin PBXGroup section */
		150A98B2294A564E0048D0F6 = {
			isa = PBXGroup;
			children = (
				150A98BD294A564E0048D0F6 /* SwiftImgui */,
				150A98BC294A564E0048D0F6 /* Products */,
			);
			sourceTree = "<group>";
		};
		150A98BC294A564E0048D0F6 /* Products */ = {
			isa = PBXGroup;
			children = (
				150A98BB294A564E0048D0F6 /* SwiftImgui.app */,
			);
			name = Products;
			sourceTree = "<group>";
		};
		150A98BD294A564E0048D0F6 /* SwiftImgui */ = {
			isa = PBXGroup;
			children = (
				15F4ABD02B77D53F0083D053 /* RetainedModeUI */,
				15D09FB62B72A87800DD636B /* temp */,
				152F4383299938900040F5CB /* DemoViews */,
				15D091742982985A0009F3EB /* Input */,
				15D09168297AE51C0009F3EB /* Extentions */,
				157C5C9D2960CDB800D7D43C /* images */,
				155F9C05294E5139001AF624 /* UI */,
				150A98D9294A57C90048D0F6 /* VertexDescriptor.swift */,
				157C5C9B2960CDA400D7D43C /* TextureController.swift */,
				150A98CD294A56630048D0F6 /* MetalView.swift */,
				15EC175B2969710D00FDD410 /* Benchmark.swift */,
				150A98D4294A56EF0048D0F6 /* Renderer.swift */,
				150A98DB294A57E60048D0F6 /* MathLibrary.swift */,
				150A98D8294A57260048D0F6 /* stdbool.h */,
				150A98D7294A571D0048D0F6 /* Common.h */,
				150A98D6294A57130048D0F6 /* Vertex.h */,
				155F9C08294E56B1001AF624 /* Transform.swift */,
				150A98BE294A564E0048D0F6 /* SwiftImguiApp.swift */,
				150A98D2294A56DE0048D0F6 /* ViewRenderer.swift */,
				150A98C0294A564E0048D0F6 /* ContentView.swift */,
				150A98C2294A564F0048D0F6 /* Assets.xcassets */,
				150A98C4294A564F0048D0F6 /* SwiftImgui.entitlements */,
				150A98C5294A564F0048D0F6 /* Preview Content */,
				150A98DD294A59880048D0F6 /* Mesh.swift */,
				157C5C94295F601600D7D43C /* math.h */,
				157C5C92295F5DE400D7D43C /* math.metal */,
				150A98E3294A618E0048D0F6 /* Rect.metal */,
				157C5C982960B2F700D7D43C /* Image.metal */,
				157C5CAC2964DA7600D7D43C /* Text.metal */,
				15E7E267296CA0820084DF62 /* VectorText.metal */,
				15E7E269296CA2CF0084DF62 /* SDF.metal */,
				15E7E26B296CA2DF0084DF62 /* SDF.h */,
				15E7E26C296CA5400084DF62 /* BezierCurves.metal */,
				15E7E26E296CA5520084DF62 /* BezierCurves.h */,
				1594350329787B0B00B2F04C /* FontManager.swift */,
				15D09187298803E20009F3EB /* ClipRect.metal */,
				156D04E1298FD137006D81C6 /* SDFRoundBox.metal */,
				156D04E3298FD153006D81C6 /* SDFRoundBox.h */,
				156D04E4298FFF50006D81C6 /* Blur.metal */,
				156D04E62990059E006D81C6 /* RectVertexData.h */,
				156D04EC29918586006D81C6 /* Copy.metal */,
				152F437D299781770040F5CB /* Line.metal */,
				152F43812997C8260040F5CB /* Circle.metal */,
			);
			path = SwiftImgui;
			sourceTree = "<group>";
		};
		150A98C5294A564F0048D0F6 /* Preview Content */ = {
			isa = PBXGroup;
			children = (
				150A98C6294A564F0048D0F6 /* Preview Assets.xcassets */,
			);
			path = "Preview Content";
			sourceTree = "<group>";
		};
		152F4383299938900040F5CB /* DemoViews */ = {
			isa = PBXGroup;
			children = (
				150A98E1294A5E130048D0F6 /* DemoViewRenderer.swift */,
				152F4384299938EA0040F5CB /* SDBoxIntersectionDemoView.swift */,
				152F438629993C250040F5CB /* TextFieldDemoView.swift */,
				152F438829993D960040F5CB /* ButtonDemoView.swift */,
				152F438A299952A50040F5CB /* ScrollDemoView.swift */,
				152F438C299955130040F5CB /* TextDemoView.swift */,
				152F438E299955D10040F5CB /* ImageDemoView.swift */,
				15CD0A33299E3D7200F7DD75 /* PointBoxIntersectionDemoView.swift */,
				15C9511529A50E2200FD9817 /* CheckboxDemoView.swift */,
				154A86C12AFA9E83008C6520 /* SimulationDemoView.swift */,
				15F4ABD32B78FE0A0083D053 /* UIElementsDemoView.swift */,
			);
			path = DemoViews;
			sourceTree = "<group>";
		};
		155F9C05294E5139001AF624 /* UI */ = {
			isa = PBXGroup;
			children = (
				15CD0A3829A0020C00F7DD75 /* Fields */,
				15CD0A37299FC75C00F7DD75 /* Theme */,
				156D04E929900BAD006D81C6 /* Passes */,
				15D091792983F8140009F3EB /* Layout */,
				15D0916D29827CFD0009F3EB /* Text */,
				150A98DF294A5D350048D0F6 /* RectMesh.swift */,
				155F9C06294E518E001AF624 /* Main.swift */,
				15D0916E298287300009F3EB /* Image.swift */,
				15D0917029828AB00009F3EB /* Rect.swift */,
				15D0918929885AD90009F3EB /* Scroll.swift */,
				156D04EE299277D4006D81C6 /* Button.swift */,
				152F437B299776340040F5CB /* Line.swift */,
				152F437F2997C3DF0040F5CB /* Circle.swift */,
				15D677DF29A1207100E81753 /* CommandController.swift */,
			);
			path = UI;
			sourceTree = "<group>";
		};
		156D04E929900BAD006D81C6 /* Passes */ = {
			isa = PBXGroup;
			children = (
				156D04E729900BA5006D81C6 /* BlurPass.swift */,
				156D04EA2991812D006D81C6 /* CopyPass.swift */,
			);
			path = Passes;
			sourceTree = "<group>";
		};
		157C5C9D2960CDB800D7D43C /* images */ = {
			isa = PBXGroup;
			children = (
				157C5CA229617D0F00D7D43C /* image3.jpeg */,
				157C5CA329617D0F00D7D43C /* image4.jpeg */,
				157C5C9E2960CE6700D7D43C /* image1.jpeg */,
				157C5C9F2960CE6700D7D43C /* image2.jpeg */,
			);
			path = images;
			sourceTree = "<group>";
		};
		15CD0A37299FC75C00F7DD75 /* Theme */ = {
			isa = PBXGroup;
			children = (
				15CD0A3929A0024E00F7DD75 /* Theme.swift */,
			);
			path = Theme;
			sourceTree = "<group>";
		};
		15CD0A3829A0020C00F7DD75 /* Fields */ = {
			isa = PBXGroup;
			children = (
				156D04F029928A77006D81C6 /* TextField.swift */,
				15CD0A35299FB9C600F7DD75 /* FloatField.swift */,
				15D677DB29A116A200E81753 /* IntField.swift */,
				15D677DD29A11E5300E81753 /* UInt8Field.swift */,
				15C9511329A50A8500FD9817 /* Checkbox.swift */,
			);
			path = Fields;
			sourceTree = "<group>";
		};
		15D09168297AE51C0009F3EB /* Extentions */ = {
			isa = PBXGroup;
			children = (
				15D09169297AE52E0009F3EB /* String.swift */,
				15D091752982A7410009F3EB /* Comparable.swift */,
				152F4390299966650040F5CB /* Int.swift */,
				152F439229996F120040F5CB /* Float.swift */,
			);
			path = Extentions;
			sourceTree = "<group>";
		};
		15D0916D29827CFD0009F3EB /* Text */ = {
			isa = PBXGroup;
			children = (
				157C5CA82963022700D7D43C /* Font.swift */,
				157C5CAA29649E7100D7D43C /* TextMesh.swift */,
				15D0916B298279340009F3EB /* Text.swift */,
			);
			path = Text;
			sourceTree = "<group>";
		};
		15D091742982985A0009F3EB /* Input */ = {
			isa = PBXGroup;
			children = (
				15D09172298298540009F3EB /* Input.swift */,
			);
			path = Input;
			sourceTree = "<group>";
		};
		15D091792983F8140009F3EB /* Layout */ = {
			isa = PBXGroup;
			children = (
				15D0917A2983F82D0009F3EB /* Layout.swift */,
				15D0917D298685600009F3EB /* Inset.swift */,
				15D0917F2987A8BF0009F3EB /* Align.swift */,
				15D091812987A8EC0009F3EB /* Stack.swift */,
				15D091832987A9140009F3EB /* Padding.swift */,
			);
			path = Layout;
			sourceTree = "<group>";
		};
		15D09FB62B72A87800DD636B /* temp */ = {
			isa = PBXGroup;
			children = (
				15D09FB72B72A88900DD636B /* UIApp.swift */,
			);
			path = temp;
			sourceTree = "<group>";
		};
		15F4ABD02B77D53F0083D053 /* RetainedModeUI */ = {
			isa = PBXGroup;
			children = (
				15F4ABD12B77D57C0083D053 /* UIElement.swift */,
			);
			path = RetainedModeUI;
			sourceTree = "<group>";
		};
/* End PBXGroup section */

/* Begin PBXNativeTarget section */
		150A98BA294A564E0048D0F6 /* SwiftImgui */ = {
			isa = PBXNativeTarget;
			buildConfigurationList = 150A98CA294A564F0048D0F6 /* Build configuration list for PBXNativeTarget "SwiftImgui" */;
			buildPhases = (
				150A98B7294A564E0048D0F6 /* Sources */,
				150A98B8294A564E0048D0F6 /* Frameworks */,
				150A98B9294A564E0048D0F6 /* Resources */,
			);
			buildRules = (
			);
			dependencies = (
			);
			name = SwiftImgui;
			packageProductDependencies = (
				150A98D0294A569E0048D0F6 /* Inject */,
				15EC175929670ABD00FDD410 /* LRUCache */,
			);
			productName = SwiftImgui;
			productReference = 150A98BB294A564E0048D0F6 /* SwiftImgui.app */;
			productType = "com.apple.product-type.application";
		};
/* End PBXNativeTarget section */

/* Begin PBXProject section */
		150A98B3294A564E0048D0F6 /* Project object */ = {
			isa = PBXProject;
			attributes = {
				BuildIndependentTargetsInParallel = 1;
				LastSwiftUpdateCheck = 1410;
				LastUpgradeCheck = 1410;
				TargetAttributes = {
					150A98BA294A564E0048D0F6 = {
						CreatedOnToolsVersion = 14.1;
					};
				};
			};
			buildConfigurationList = 150A98B6294A564E0048D0F6 /* Build configuration list for PBXProject "SwiftImgui" */;
			compatibilityVersion = "Xcode 14.0";
			developmentRegion = en;
			hasScannedForEncodings = 0;
			knownRegions = (
				en,
				Base,
			);
			mainGroup = 150A98B2294A564E0048D0F6;
			packageReferences = (
				150A98CF294A569E0048D0F6 /* XCRemoteSwiftPackageReference "Inject" */,
				15EC175829670ABD00FDD410 /* XCRemoteSwiftPackageReference "LRUCache" */,
			);
			productRefGroup = 150A98BC294A564E0048D0F6 /* Products */;
			projectDirPath = "";
			projectRoot = "";
			targets = (
				150A98BA294A564E0048D0F6 /* SwiftImgui */,
			);
		};
/* End PBXProject section */

/* Begin PBXResourcesBuildPhase section */
		150A98B9294A564E0048D0F6 /* Resources */ = {
			isa = PBXResourcesBuildPhase;
			buildActionMask = 2147483647;
			files = (
				150A98C7294A564F0048D0F6 /* Preview Assets.xcassets in Resources */,
				150A98C3294A564F0048D0F6 /* Assets.xcassets in Resources */,
				157C5CA729617D3C00D7D43C /* image2.jpeg in Resources */,
				157C5CA529617D3C00D7D43C /* image4.jpeg in Resources */,
				157C5CA429617D3C00D7D43C /* image1.jpeg in Resources */,
				157C5CA629617D3C00D7D43C /* image3.jpeg in Resources */,
			);
			runOnlyForDeploymentPostprocessing = 0;
		};
/* End PBXResourcesBuildPhase section */

/* Begin PBXSourcesBuildPhase section */
		150A98B7294A564E0048D0F6 /* Sources */ = {
			isa = PBXSourcesBuildPhase;
			buildActionMask = 2147483647;
			files = (
				152F438F299955D10040F5CB /* ImageDemoView.swift in Sources */,
				157C5CA92963022700D7D43C /* Font.swift in Sources */,
				15D0916F298287300009F3EB /* Image.swift in Sources */,
				15D09FB82B72A88900DD636B /* UIApp.swift in Sources */,
				15EC175C2969710D00FDD410 /* Benchmark.swift in Sources */,
				156D04EB2991812D006D81C6 /* CopyPass.swift in Sources */,
				15D677E029A1207100E81753 /* CommandController.swift in Sources */,
				15D091762982A7410009F3EB /* Comparable.swift in Sources */,
				150A98E2294A5E130048D0F6 /* DemoViewRenderer.swift in Sources */,
				15C9511629A50E2200FD9817 /* CheckboxDemoView.swift in Sources */,
				15E7E26A296CA2CF0084DF62 /* SDF.metal in Sources */,
				157C5C93295F5DE400D7D43C /* math.metal in Sources */,
				15D091802987A8BF0009F3EB /* Align.swift in Sources */,
				152F4385299938EA0040F5CB /* SDBoxIntersectionDemoView.swift in Sources */,
				15CD0A34299E3D7200F7DD75 /* PointBoxIntersectionDemoView.swift in Sources */,
				15CD0A36299FB9C600F7DD75 /* FloatField.swift in Sources */,
				150A98DA294A57C90048D0F6 /* VertexDescriptor.swift in Sources */,
				15D0917129828AB00009F3EB /* Rect.swift in Sources */,
				15C9511429A50A8500FD9817 /* Checkbox.swift in Sources */,
				15D677DE29A11E5300E81753 /* UInt8Field.swift in Sources */,
				15D0917E298685600009F3EB /* Inset.swift in Sources */,
				150A98DC294A57E60048D0F6 /* MathLibrary.swift in Sources */,
				150A98DE294A59880048D0F6 /* Mesh.swift in Sources */,
				15D0917B2983F82D0009F3EB /* Layout.swift in Sources */,
				15D0916C298279350009F3EB /* Text.swift in Sources */,
				156D04E829900BA6006D81C6 /* BlurPass.swift in Sources */,
				156D04ED29918586006D81C6 /* Copy.metal in Sources */,
				152F43822997C8260040F5CB /* Circle.metal in Sources */,
				155F9C09294E56B1001AF624 /* Transform.swift in Sources */,
				152F437E299781770040F5CB /* Line.metal in Sources */,
				15D091842987A9140009F3EB /* Padding.swift in Sources */,
				157C5CAB29649E7100D7D43C /* TextMesh.swift in Sources */,
				15E7E26D296CA5400084DF62 /* BezierCurves.metal in Sources */,
				150A98CE294A56630048D0F6 /* MetalView.swift in Sources */,
				157C5C9C2960CDA400D7D43C /* TextureController.swift in Sources */,
				156D04E2298FD137006D81C6 /* SDFRoundBox.metal in Sources */,
				15D091822987A8EC0009F3EB /* Stack.swift in Sources */,
				150A98C1294A564E0048D0F6 /* ContentView.swift in Sources */,
				152F439329996F120040F5CB /* Float.swift in Sources */,
				152F438929993D960040F5CB /* ButtonDemoView.swift in Sources */,
				150A98BF294A564E0048D0F6 /* SwiftImguiApp.swift in Sources */,
				155F9C07294E518E001AF624 /* Main.swift in Sources */,
				15F4ABD42B78FE0A0083D053 /* UIElementsDemoView.swift in Sources */,
				150A98E0294A5D350048D0F6 /* RectMesh.swift in Sources */,
				15D09173298298540009F3EB /* Input.swift in Sources */,
				152F438729993C250040F5CB /* TextFieldDemoView.swift in Sources */,
				15D0916A297AE52E0009F3EB /* String.swift in Sources */,
				152F438D299955130040F5CB /* TextDemoView.swift in Sources */,
				156D04F129928A77006D81C6 /* TextField.swift in Sources */,
				154A86C22AFA9E83008C6520 /* SimulationDemoView.swift in Sources */,
				15F4ABD22B77D57C0083D053 /* UIElement.swift in Sources */,
				152F4391299966650040F5CB /* Int.swift in Sources */,
				157C5CAD2964DA7600D7D43C /* Text.metal in Sources */,
				15D09188298803E20009F3EB /* ClipRect.metal in Sources */,
				156D04E5298FFF50006D81C6 /* Blur.metal in Sources */,
				15D677DC29A116A200E81753 /* IntField.swift in Sources */,
				150A98E4294A618E0048D0F6 /* Rect.metal in Sources */,
				15D0918A29885AD90009F3EB /* Scroll.swift in Sources */,
				15E7E268296CA0820084DF62 /* VectorText.metal in Sources */,
				152F43802997C3DF0040F5CB /* Circle.swift in Sources */,
				150A98D5294A56EF0048D0F6 /* Renderer.swift in Sources */,
				157C5C9A2960CB6E00D7D43C /* Image.metal in Sources */,
				1594350429787B0B00B2F04C /* FontManager.swift in Sources */,
				152F438B299952A50040F5CB /* ScrollDemoView.swift in Sources */,
				152F437C299776340040F5CB /* Line.swift in Sources */,
				15CD0A3A29A0024E00F7DD75 /* Theme.swift in Sources */,
				150A98D3294A56DE0048D0F6 /* ViewRenderer.swift in Sources */,
				156D04EF299277D4006D81C6 /* Button.swift in Sources */,
			);
			runOnlyForDeploymentPostprocessing = 0;
		};
/* End PBXSourcesBuildPhase section */

/* Begin XCBuildConfiguration section */
		150A98C8294A564F0048D0F6 /* Debug */ = {
			isa = XCBuildConfiguration;
			buildSettings = {
				ALWAYS_SEARCH_USER_PATHS = NO;
				CLANG_ANALYZER_NONNULL = YES;
				CLANG_ANALYZER_NUMBER_OBJECT_CONVERSION = YES_AGGRESSIVE;
				CLANG_CXX_LANGUAGE_STANDARD = "gnu++20";
				CLANG_ENABLE_MODULES = YES;
				CLANG_ENABLE_OBJC_ARC = YES;
				CLANG_ENABLE_OBJC_WEAK = YES;
				CLANG_WARN_BLOCK_CAPTURE_AUTORELEASING = YES;
				CLANG_WARN_BOOL_CONVERSION = YES;
				CLANG_WARN_COMMA = YES;
				CLANG_WARN_CONSTANT_CONVERSION = YES;
				CLANG_WARN_DEPRECATED_OBJC_IMPLEMENTATIONS = YES;
				CLANG_WARN_DIRECT_OBJC_ISA_USAGE = YES_ERROR;
				CLANG_WARN_DOCUMENTATION_COMMENTS = YES;
				CLANG_WARN_EMPTY_BODY = YES;
				CLANG_WARN_ENUM_CONVERSION = YES;
				CLANG_WARN_INFINITE_RECURSION = YES;
				CLANG_WARN_INT_CONVERSION = YES;
				CLANG_WARN_NON_LITERAL_NULL_CONVERSION = YES;
				CLANG_WARN_OBJC_IMPLICIT_RETAIN_SELF = YES;
				CLANG_WARN_OBJC_LITERAL_CONVERSION = YES;
				CLANG_WARN_OBJC_ROOT_CLASS = YES_ERROR;
				CLANG_WARN_QUOTED_INCLUDE_IN_FRAMEWORK_HEADER = YES;
				CLANG_WARN_RANGE_LOOP_ANALYSIS = YES;
				CLANG_WARN_STRICT_PROTOTYPES = YES;
				CLANG_WARN_SUSPICIOUS_MOVE = YES;
				CLANG_WARN_UNGUARDED_AVAILABILITY = YES_AGGRESSIVE;
				CLANG_WARN_UNREACHABLE_CODE = YES;
				CLANG_WARN__DUPLICATE_METHOD_MATCH = YES;
				COPY_PHASE_STRIP = NO;
				DEBUG_INFORMATION_FORMAT = dwarf;
				ENABLE_STRICT_OBJC_MSGSEND = YES;
				ENABLE_TESTABILITY = YES;
				GCC_C_LANGUAGE_STANDARD = gnu11;
				GCC_DYNAMIC_NO_PIC = NO;
				GCC_NO_COMMON_BLOCKS = YES;
				GCC_OPTIMIZATION_LEVEL = 0;
				GCC_PREPROCESSOR_DEFINITIONS = (
					"DEBUG=1",
					"$(inherited)",
				);
				GCC_WARN_64_TO_32_BIT_CONVERSION = YES;
				GCC_WARN_ABOUT_RETURN_TYPE = YES_ERROR;
				GCC_WARN_UNDECLARED_SELECTOR = YES;
				GCC_WARN_UNINITIALIZED_AUTOS = YES_AGGRESSIVE;
				GCC_WARN_UNUSED_FUNCTION = YES;
				GCC_WARN_UNUSED_VARIABLE = YES;
				MTL_ENABLE_DEBUG_INFO = INCLUDE_SOURCE;
				MTL_FAST_MATH = YES;
				ONLY_ACTIVE_ARCH = YES;
				OTHER_LDFLAGS = "";
				SWIFT_ACTIVE_COMPILATION_CONDITIONS = DEBUG;
				SWIFT_OPTIMIZATION_LEVEL = "-Onone";
			};
			name = Debug;
		};
		150A98C9294A564F0048D0F6 /* Release */ = {
			isa = XCBuildConfiguration;
			buildSettings = {
				ALWAYS_SEARCH_USER_PATHS = NO;
				CLANG_ANALYZER_NONNULL = YES;
				CLANG_ANALYZER_NUMBER_OBJECT_CONVERSION = YES_AGGRESSIVE;
				CLANG_CXX_LANGUAGE_STANDARD = "gnu++20";
				CLANG_ENABLE_MODULES = YES;
				CLANG_ENABLE_OBJC_ARC = YES;
				CLANG_ENABLE_OBJC_WEAK = YES;
				CLANG_WARN_BLOCK_CAPTURE_AUTORELEASING = YES;
				CLANG_WARN_BOOL_CONVERSION = YES;
				CLANG_WARN_COMMA = YES;
				CLANG_WARN_CONSTANT_CONVERSION = YES;
				CLANG_WARN_DEPRECATED_OBJC_IMPLEMENTATIONS = YES;
				CLANG_WARN_DIRECT_OBJC_ISA_USAGE = YES_ERROR;
				CLANG_WARN_DOCUMENTATION_COMMENTS = YES;
				CLANG_WARN_EMPTY_BODY = YES;
				CLANG_WARN_ENUM_CONVERSION = YES;
				CLANG_WARN_INFINITE_RECURSION = YES;
				CLANG_WARN_INT_CONVERSION = YES;
				CLANG_WARN_NON_LITERAL_NULL_CONVERSION = YES;
				CLANG_WARN_OBJC_IMPLICIT_RETAIN_SELF = YES;
				CLANG_WARN_OBJC_LITERAL_CONVERSION = YES;
				CLANG_WARN_OBJC_ROOT_CLASS = YES_ERROR;
				CLANG_WARN_QUOTED_INCLUDE_IN_FRAMEWORK_HEADER = YES;
				CLANG_WARN_RANGE_LOOP_ANALYSIS = YES;
				CLANG_WARN_STRICT_PROTOTYPES = YES;
				CLANG_WARN_SUSPICIOUS_MOVE = YES;
				CLANG_WARN_UNGUARDED_AVAILABILITY = YES_AGGRESSIVE;
				CLANG_WARN_UNREACHABLE_CODE = YES;
				CLANG_WARN__DUPLICATE_METHOD_MATCH = YES;
				COPY_PHASE_STRIP = NO;
				DEBUG_INFORMATION_FORMAT = "dwarf-with-dsym";
				ENABLE_NS_ASSERTIONS = NO;
				ENABLE_STRICT_OBJC_MSGSEND = YES;
				GCC_C_LANGUAGE_STANDARD = gnu11;
				GCC_NO_COMMON_BLOCKS = YES;
				GCC_WARN_64_TO_32_BIT_CONVERSION = YES;
				GCC_WARN_ABOUT_RETURN_TYPE = YES_ERROR;
				GCC_WARN_UNDECLARED_SELECTOR = YES;
				GCC_WARN_UNINITIALIZED_AUTOS = YES_AGGRESSIVE;
				GCC_WARN_UNUSED_FUNCTION = YES;
				GCC_WARN_UNUSED_VARIABLE = YES;
				MTL_ENABLE_DEBUG_INFO = NO;
				MTL_FAST_MATH = YES;
				SWIFT_COMPILATION_MODE = wholemodule;
				SWIFT_OPTIMIZATION_LEVEL = "-O";
			};
			name = Release;
		};
		150A98CB294A564F0048D0F6 /* Debug */ = {
			isa = XCBuildConfiguration;
			buildSettings = {
				ASSETCATALOG_COMPILER_APPICON_NAME = AppIcon;
				ASSETCATALOG_COMPILER_GLOBAL_ACCENT_COLOR_NAME = AccentColor;
				CODE_SIGN_ENTITLEMENTS = SwiftImgui/SwiftImgui.entitlements;
				CODE_SIGN_STYLE = Automatic;
				CURRENT_PROJECT_VERSION = 1;
				DEVELOPMENT_ASSET_PATHS = "\"SwiftImgui/Preview Content\"";
				DEVELOPMENT_TEAM = 3KB6K4T6NP;
				ENABLE_HARDENED_RUNTIME = YES;
				"ENABLE_HARDENED_RUNTIME[sdk=macosx*]" = YES;
				ENABLE_PREVIEWS = YES;
				GENERATE_INFOPLIST_FILE = YES;
				"INFOPLIST_KEY_UIApplicationSceneManifest_Generation[sdk=iphoneos*]" = YES;
				"INFOPLIST_KEY_UIApplicationSceneManifest_Generation[sdk=iphonesimulator*]" = YES;
				"INFOPLIST_KEY_UIApplicationSupportsIndirectInputEvents[sdk=iphoneos*]" = YES;
				"INFOPLIST_KEY_UIApplicationSupportsIndirectInputEvents[sdk=iphonesimulator*]" = YES;
				"INFOPLIST_KEY_UILaunchScreen_Generation[sdk=iphoneos*]" = YES;
				"INFOPLIST_KEY_UILaunchScreen_Generation[sdk=iphonesimulator*]" = YES;
				"INFOPLIST_KEY_UIStatusBarStyle[sdk=iphoneos*]" = UIStatusBarStyleDefault;
				"INFOPLIST_KEY_UIStatusBarStyle[sdk=iphonesimulator*]" = UIStatusBarStyleDefault;
				INFOPLIST_KEY_UISupportedInterfaceOrientations_iPad = "UIInterfaceOrientationPortrait UIInterfaceOrientationPortraitUpsideDown UIInterfaceOrientationLandscapeLeft UIInterfaceOrientationLandscapeRight";
				INFOPLIST_KEY_UISupportedInterfaceOrientations_iPhone = "UIInterfaceOrientationPortrait UIInterfaceOrientationLandscapeLeft UIInterfaceOrientationLandscapeRight";
				IPHONEOS_DEPLOYMENT_TARGET = 16.1;
				LD_RUNPATH_SEARCH_PATHS = "@executable_path/Frameworks";
				"LD_RUNPATH_SEARCH_PATHS[sdk=macosx*]" = "@executable_path/../Frameworks";
				MACOSX_DEPLOYMENT_TARGET = 13.0;
				MARKETING_VERSION = 1.0;
				OTHER_LDFLAGS = (
					"-Xlinker",
					"-interposable",
				);
				PRODUCT_BUNDLE_IDENTIFIER = com.company.SwiftImgui;
				PRODUCT_NAME = "$(TARGET_NAME)";
				SDKROOT = auto;
				SUPPORTED_PLATFORMS = "iphoneos iphonesimulator macosx";
				SWIFT_EMIT_LOC_STRINGS = YES;
				SWIFT_OBJC_BRIDGING_HEADER = SwiftImgui/Common.h;
				SWIFT_VERSION = 5.0;
				TARGETED_DEVICE_FAMILY = "1,2";
			};
			name = Debug;
		};
		150A98CC294A564F0048D0F6 /* Release */ = {
			isa = XCBuildConfiguration;
			buildSettings = {
				ASSETCATALOG_COMPILER_APPICON_NAME = AppIcon;
				ASSETCATALOG_COMPILER_GLOBAL_ACCENT_COLOR_NAME = AccentColor;
				CODE_SIGN_ENTITLEMENTS = SwiftImgui/SwiftImgui.entitlements;
				CODE_SIGN_STYLE = Automatic;
				CURRENT_PROJECT_VERSION = 1;
				DEVELOPMENT_ASSET_PATHS = "\"SwiftImgui/Preview Content\"";
				DEVELOPMENT_TEAM = 3KB6K4T6NP;
				ENABLE_HARDENED_RUNTIME = YES;
				"ENABLE_HARDENED_RUNTIME[sdk=macosx*]" = YES;
				ENABLE_PREVIEWS = YES;
				GENERATE_INFOPLIST_FILE = YES;
				"INFOPLIST_KEY_UIApplicationSceneManifest_Generation[sdk=iphoneos*]" = YES;
				"INFOPLIST_KEY_UIApplicationSceneManifest_Generation[sdk=iphonesimulator*]" = YES;
				"INFOPLIST_KEY_UIApplicationSupportsIndirectInputEvents[sdk=iphoneos*]" = YES;
				"INFOPLIST_KEY_UIApplicationSupportsIndirectInputEvents[sdk=iphonesimulator*]" = YES;
				"INFOPLIST_KEY_UILaunchScreen_Generation[sdk=iphoneos*]" = YES;
				"INFOPLIST_KEY_UILaunchScreen_Generation[sdk=iphonesimulator*]" = YES;
				"INFOPLIST_KEY_UIStatusBarStyle[sdk=iphoneos*]" = UIStatusBarStyleDefault;
				"INFOPLIST_KEY_UIStatusBarStyle[sdk=iphonesimulator*]" = UIStatusBarStyleDefault;
				INFOPLIST_KEY_UISupportedInterfaceOrientations_iPad = "UIInterfaceOrientationPortrait UIInterfaceOrientationPortraitUpsideDown UIInterfaceOrientationLandscapeLeft UIInterfaceOrientationLandscapeRight";
				INFOPLIST_KEY_UISupportedInterfaceOrientations_iPhone = "UIInterfaceOrientationPortrait UIInterfaceOrientationLandscapeLeft UIInterfaceOrientationLandscapeRight";
				IPHONEOS_DEPLOYMENT_TARGET = 16.1;
				LD_RUNPATH_SEARCH_PATHS = "@executable_path/Frameworks";
				"LD_RUNPATH_SEARCH_PATHS[sdk=macosx*]" = "@executable_path/../Frameworks";
				MACOSX_DEPLOYMENT_TARGET = 13.0;
				MARKETING_VERSION = 1.0;
				PRODUCT_BUNDLE_IDENTIFIER = com.company.SwiftImgui;
				PRODUCT_NAME = "$(TARGET_NAME)";
				SDKROOT = auto;
				SUPPORTED_PLATFORMS = "iphoneos iphonesimulator macosx";
				SWIFT_EMIT_LOC_STRINGS = YES;
				SWIFT_OBJC_BRIDGING_HEADER = SwiftImgui/Common.h;
				SWIFT_VERSION = 5.0;
				TARGETED_DEVICE_FAMILY = "1,2";
			};
			name = Release;
		};
/* End XCBuildConfiguration section */

/* Begin XCConfigurationList section */
		150A98B6294A564E0048D0F6 /* Build configuration list for PBXProject "SwiftImgui" */ = {
			isa = XCConfigurationList;
			buildConfigurations = (
				150A98C8294A564F0048D0F6 /* Debug */,
				150A98C9294A564F0048D0F6 /* Release */,
			);
			defaultConfigurationIsVisible = 0;
			defaultConfigurationName = Release;
		};
		150A98CA294A564F0048D0F6 /* Build configuration list for PBXNativeTarget "SwiftImgui" */ = {
			isa = XCConfigurationList;
			buildConfigurations = (
				150A98CB294A564F0048D0F6 /* Debug */,
				150A98CC294A564F0048D0F6 /* Release */,
			);
			defaultConfigurationIsVisible = 0;
			defaultConfigurationName = Release;
		};
/* End XCConfigurationList section */

/* Begin XCRemoteSwiftPackageReference section */
		150A98CF294A569E0048D0F6 /* XCRemoteSwiftPackageReference "Inject" */ = {
			isa = XCRemoteSwiftPackageReference;
			repositoryURL = "https://github.com/krzysztofzablocki/Inject";
			requirement = {
				kind = upToNextMajorVersion;
				minimumVersion = 1.0.0;
			};
		};
		15EC175829670ABD00FDD410 /* XCRemoteSwiftPackageReference "LRUCache" */ = {
			isa = XCRemoteSwiftPackageReference;
			repositoryURL = "https://github.com/nicklockwood/LRUCache";
			requirement = {
				kind = upToNextMajorVersion;
				minimumVersion = 1.0.0;
			};
		};
/* End XCRemoteSwiftPackageReference section */

/* Begin XCSwiftPackageProductDependency section */
		150A98D0294A569E0048D0F6 /* Inject */ = {
			isa = XCSwiftPackageProductDependency;
			package = 150A98CF294A569E0048D0F6 /* XCRemoteSwiftPackageReference "Inject" */;
			productName = Inject;
		};
		15EC175929670ABD00FDD410 /* LRUCache */ = {
			isa = XCSwiftPackageProductDependency;
			package = 15EC175829670ABD00FDD410 /* XCRemoteSwiftPackageReference "LRUCache" */;
			productName = LRUCache;
		};
/* End XCSwiftPackageProductDependency section */
	};
	rootObject = 150A98B3294A564E0048D0F6 /* Project object */;
}
